
Microsoft Visual Studio Solution File, Format Version 12.00
# Visual Studio 2012
Project("{FAE04EC0-301F-11D3-BF4B-00C04F79EFBC}") = "OculusParrotKinect", "OculusParrotKinect\OculusParrotKinect\OculusParrotKinect.csproj", "{050A3171-5ADA-46A6-AE74-40E901A88627}"
EndProject
Project("{FAE04EC0-301F-11D3-BF4B-00C04F79EFBC}") = "OculusParrotKinectContent", "OculusParrotKinect\OculusParrotKinectContent\OculusParrotKinectContent.contentproj", "{F911E97E-69E6-487E-B401-DAC4F5FE06FF}"
EndProject
Project("{FAE04EC0-301F-11D3-BF4B-00C04F79EFBC}") = "OculusParrotKinect.Drone", "OculusParrotKinect.Drone\OculusParrotKinect.Drone.csproj", "{A5AD978E-4C35-4B4D-A88E-E4E6610DE579}"
EndProject
Project("{FAE04EC0-301F-11D3-BF4B-00C04F79EFBC}") = "OculusParrotKinect.Kinect", "OculusParrotKinect.Kinect\OculusParrotKinect.Kinect.csproj", "{21915AF9-3538-4F68-A9D6-539EE3E45055}"
EndProject
Global
	GlobalSection(SolutionConfigurationPlatforms) = preSolution
		Debug|Any CPU = Debug|Any CPU
		Debug|Mixed Platforms = Debug|Mixed Platforms
		Debug|x86 = Debug|x86
		Release|Any CPU = Release|Any CPU
		Release|Mixed Platforms = Release|Mixed Platforms
		Release|x86 = Release|x86
	EndGlobalSection
	GlobalSection(ProjectConfigurationPlatforms) = postSolution
		{050A3171-5ADA-46A6-AE74-40E901A88627}.Debug|Any CPU.ActiveCfg = Debug|x86
		{050A3171-5ADA-46A6-AE74-40E901A88627}.Debug|Mixed Platforms.ActiveCfg = Debug|x86
		{050A3171-5ADA-46A6-AE74-40E901A88627}.Debug|Mixed Platforms.Build.0 = Debug|x86
		{050A3171-5ADA-46A6-AE74-40E901A88627}.Debug|x86.ActiveCfg = Debug|x86
		{050A3171-5ADA-46A6-AE74-40E901A88627}.Debug|x86.Build.0 = Debug|x86
		{050A3171-5ADA-46A6-AE74-40E901A88627}.Release|Any CPU.ActiveCfg = Release|x86
		{050A3171-5ADA-46A6-AE74-40E901A88627}.Release|Mixed Platforms.ActiveCfg = Release|x86
		{050A3171-5ADA-46A6-AE74-40E901A88627}.Release|Mixed Platforms.Build.0 = Release|x86
		{050A3171-5ADA-46A6-AE74-40E901A88627}.Release|x86.ActiveCfg = Release|x86
		{050A3171-5ADA-46A6-AE74-40E901A88627}.Release|x86.Build.0 = Release|x86
		{F911E97E-69E6-487E-B401-DAC4F5FE06FF}.Debug|Any CPU.ActiveCfg = Debug|x86
		{F911E97E-69E6-487E-B401-DAC4F5FE06FF}.Debug|Mixed Platforms.ActiveCfg = Debug|x86
		{F911E97E-69E6-487E-B401-DAC4F5FE06FF}.Debug|x86.ActiveCfg = Debug|x86
		{F911E97E-69E6-487E-B401-DAC4F5FE06FF}.Release|Any CPU.ActiveCfg = Release|x86
		{F911E97E-69E6-487E-B401-DAC4F5FE06FF}.Release|Mixed Platforms.ActiveCfg = Release|x86
		{F911E97E-69E6-487E-B401-DAC4F5FE06FF}.Release|x86.ActiveCfg = Release|x86
		{A5AD978E-4C35-4B4D-A88E-E4E6610DE579}.Debug|Any CPU.ActiveCfg = Debug|Any CPU
		{A5AD978E-4C35-4B4D-A88E-E4E6610DE579}.Debug|Any CPU.Build.0 = Debug|Any CPU
		{A5AD978E-4C35-4B4D-A88E-E4E6610DE579}.Debug|Mixed Platforms.ActiveCfg = Debug|Any CPU
		{A5AD978E-4C35-4B4D-A88E-E4E6610DE579}.Debug|Mixed Platforms.Build.0 = Debug|Any CPU
		{A5AD978E-4C35-4B4D-A88E-E4E6610DE579}.Debug|x86.ActiveCfg = Debug|Any CPU
		{A5AD978E-4C35-4B4D-A88E-E4E6610DE579}.Release|Any CPU.ActiveCfg = Release|Any CPU
		{A5AD978E-4C35-4B4D-A88E-E4E6610DE579}.Release|Any CPU.Build.0 = Release|Any CPU
		{A5AD978E-4C35-4B4D-A88E-E4E6610DE579}.Release|Mixed Platforms.ActiveCfg = Release|Any CPU
		{A5AD978E-4C35-4B4D-A88E-E4E6610DE579}.Release|Mixed Platforms.Build.0 = Release|Any CPU
		{A5AD978E-4C35-4B4D-A88E-E4E6610DE579}.Release|x86.ActiveCfg = Release|Any CPU
		{21915AF9-3538-4F68-A9D6-539EE3E45055}.Debug|Any CPU.ActiveCfg = Debug|Any CPU
		{21915AF9-3538-4F68-A9D6-539EE3E45055}.Debug|Any CPU.Build.0 = Debug|Any CPU
		{21915AF9-3538-4F68-A9D6-539EE3E45055}.Debug|Mixed Platforms.ActiveCfg = Debug|Any CPU
		{21915AF9-3538-4F68-A9D6-539EE3E45055}.Debug|Mixed Platforms.Build.0 = Debug|Any CPU
		{21915AF9-3538-4F68-A9D6-539EE3E45055}.Debug|x86.ActiveCfg = Debug|Any CPU
		{21915AF9-3538-4F68-A9D6-539EE3E45055}.Release|Any CPU.ActiveCfg = Release|Any CPU
		{21915AF9-3538-4F68-A9D6-539EE3E45055}.Release|Any CPU.Build.0 = Release|Any CPU
		{21915AF9-3538-4F68-A9D6-539EE3E45055}.Release|Mixed Platforms.ActiveCfg = Release|Any CPU
		{21915AF9-3538-4F68-A9D6-539EE3E45055}.Release|Mixed Platforms.Build.0 = Release|Any CPU
		{21915AF9-3538-4F68-A9D6-539EE3E45055}.Release|x86.ActiveCfg = Release|Any CPU
	EndGlobalSection
	GlobalSection(SolutionProperties) = preSolution
		HideSolutionNode = FALSE
	EndGlobalSection
EndGlobal
